
Microsoft Visual Studio Solution File, Format Version 12.00
# Visual Studio Version 17
VisualStudioVersion = 17.6.33712.159
MinimumVisualStudioVersion = 10.0.40219.1
Project("{9A19103F-16F7-4668-BE54-9A1E7A4F7556}") = "RazorPagesMovie-Cole", "RazorPagesMovie-Cole.csproj", "{D2A7DE11-4877-4E53-93AB-B9458BA4BBC5}"
EndProject
Global
	GlobalSection(SolutionConfigurationPlatforms) = preSolution
		Debug|Any CPU = Debug|Any CPU
		Release|Any CPU = Release|Any CPU
	EndGlobalSection
	GlobalSection(ProjectConfigurationPlatforms) = postSolution
		{D2A7DE11-4877-4E53-93AB-B9458BA4BBC5}.Debug|Any CPU.ActiveCfg = Debug|Any CPU
		{D2A7DE11-4877-4E53-93AB-B9458BA4BBC5}.Debug|Any CPU.Build.0 = Debug|Any CPU
		{D2A7DE11-4877-4E53-93AB-B9458BA4BBC5}.Release|Any CPU.ActiveCfg = Release|Any CPU
		{D2A7DE11-4877-4E53-93AB-B9458BA4BBC5}.Release|Any CPU.Build.0 = Release|Any CPU
	EndGlobalSection
	GlobalSection(SolutionProperties) = preSolution
		HideSolutionNode = FALSE
	EndGlobalSection
	GlobalSection(ExtensibilityGlobals) = postSolution
		SolutionGuid = {90DAFD3D-6214-4BCB-A2A8-F0143A2D52AB}
	EndGlobalSection
EndGlobal
